
Microsoft Visual Studio Solution File, Format Version 12.00
# Visual Studio Version 17
VisualStudioVersion = 17.5.33627.172
MinimumVisualStudioVersion = 10.0.40219.1
Project("{FAE04EC0-301F-11D3-BF4B-00C04F79EFBC}") = "EcommWebApi", "EcommWebApi\EcommWebApi.csproj", "{7EB6A5FD-3EFE-46CD-B1E4-33BCC4FA21CE}"
EndProject
Project("{FAE04EC0-301F-11D3-BF4B-00C04F79EFBC}") = "Domain", "Domain\Domain.csproj", "{60A7FCC6-10F3-47FA-9366-B242716CC9E3}"
EndProject
Global
	GlobalSection(SolutionConfigurationPlatforms) = preSolution
		Debug|Any CPU = Debug|Any CPU
		Release|Any CPU = Release|Any CPU
	EndGlobalSection
	GlobalSection(ProjectConfigurationPlatforms) = postSolution
		{7EB6A5FD-3EFE-46CD-B1E4-33BCC4FA21CE}.Debug|Any CPU.ActiveCfg = Debug|Any CPU
		{7EB6A5FD-3EFE-46CD-B1E4-33BCC4FA21CE}.Debug|Any CPU.Build.0 = Debug|Any CPU
		{7EB6A5FD-3EFE-46CD-B1E4-33BCC4FA21CE}.Release|Any CPU.ActiveCfg = Release|Any CPU
		{7EB6A5FD-3EFE-46CD-B1E4-33BCC4FA21CE}.Release|Any CPU.Build.0 = Release|Any CPU
		{60A7FCC6-10F3-47FA-9366-B242716CC9E3}.Debug|Any CPU.ActiveCfg = Debug|Any CPU
		{60A7FCC6-10F3-47FA-9366-B242716CC9E3}.Debug|Any CPU.Build.0 = Debug|Any CPU
		{60A7FCC6-10F3-47FA-9366-B242716CC9E3}.Release|Any CPU.ActiveCfg = Release|Any CPU
		{60A7FCC6-10F3-47FA-9366-B242716CC9E3}.Release|Any CPU.Build.0 = Release|Any CPU
	EndGlobalSection
	GlobalSection(SolutionProperties) = preSolution
		HideSolutionNode = FALSE
	EndGlobalSection
	GlobalSection(ExtensibilityGlobals) = postSolution
		SolutionGuid = {28A8B5AB-C5DF-4071-8B46-D5C743B6C2A0}
	EndGlobalSection
EndGlobal
